
Microsoft Visual Studio Solution File, Format Version 12.00
# Visual Studio Version 16
VisualStudioVersion = 16.0.30330.147
MinimumVisualStudioVersion = 10.0.40219.1
Project("{FAE04EC0-301F-11D3-BF4B-00C04F79EFBC}") = "Assignment_tic_tac_toe", "Assignment_tic_tac_toe\Assignment_tic_tac_toe.csproj", "{C63ABF26-7EC7-48AA-AD37-BAF823C5C7FA}"
EndProject
Global
	GlobalSection(SolutionConfigurationPlatforms) = preSolution
		Debug|Any CPU = Debug|Any CPU
		Release|Any CPU = Release|Any CPU
	EndGlobalSection
	GlobalSection(ProjectConfigurationPlatforms) = postSolution
		{C63ABF26-7EC7-48AA-AD37-BAF823C5C7FA}.Debug|Any CPU.ActiveCfg = Debug|Any CPU
		{C63ABF26-7EC7-48AA-AD37-BAF823C5C7FA}.Debug|Any CPU.Build.0 = Debug|Any CPU
		{C63ABF26-7EC7-48AA-AD37-BAF823C5C7FA}.Release|Any CPU.ActiveCfg = Release|Any CPU
		{C63ABF26-7EC7-48AA-AD37-BAF823C5C7FA}.Release|Any CPU.Build.0 = Release|Any CPU
	EndGlobalSection
	GlobalSection(SolutionProperties) = preSolution
		HideSolutionNode = FALSE
	EndGlobalSection
	GlobalSection(ExtensibilityGlobals) = postSolution
		SolutionGuid = {9170E70C-D9D8-433B-9130-A736525623FE}
	EndGlobalSection
EndGlobal
